
Microsoft Visual Studio Solution File, Format Version 12.00
# Visual Studio 15
VisualStudioVersion = 15.0.27004.2002
MinimumVisualStudioVersion = 10.0.40219.1
Project("{00D1A9C2-B5F0-4AF3-8072-F6C62B433612}") = "DatabaseDemos", "DatabaseDemos\DatabaseDemos.sqlproj", "{7F057F0E-131E-4A19-B519-FD3C500DD684}"
EndProject
Project("{FAE04EC0-301F-11D3-BF4B-00C04F79EFBC}") = "ScriptDemos", "ScriptDemos\ScriptDemos.csproj", "{744D9024-5471-45C7-BDED-EB3ACC943B31}"
EndProject
Global
	GlobalSection(SolutionConfigurationPlatforms) = preSolution
		Debug|Any CPU = Debug|Any CPU
		Release|Any CPU = Release|Any CPU
	EndGlobalSection
	GlobalSection(ProjectConfigurationPlatforms) = postSolution
		{7F057F0E-131E-4A19-B519-FD3C500DD684}.Debug|Any CPU.ActiveCfg = Debug|Any CPU
		{7F057F0E-131E-4A19-B519-FD3C500DD684}.Debug|Any CPU.Build.0 = Debug|Any CPU
		{7F057F0E-131E-4A19-B519-FD3C500DD684}.Debug|Any CPU.Deploy.0 = Debug|Any CPU
		{7F057F0E-131E-4A19-B519-FD3C500DD684}.Release|Any CPU.ActiveCfg = Release|Any CPU
		{7F057F0E-131E-4A19-B519-FD3C500DD684}.Release|Any CPU.Build.0 = Release|Any CPU
		{7F057F0E-131E-4A19-B519-FD3C500DD684}.Release|Any CPU.Deploy.0 = Release|Any CPU
		{744D9024-5471-45C7-BDED-EB3ACC943B31}.Debug|Any CPU.ActiveCfg = Debug|Any CPU
		{744D9024-5471-45C7-BDED-EB3ACC943B31}.Debug|Any CPU.Build.0 = Debug|Any CPU
		{744D9024-5471-45C7-BDED-EB3ACC943B31}.Release|Any CPU.ActiveCfg = Release|Any CPU
		{744D9024-5471-45C7-BDED-EB3ACC943B31}.Release|Any CPU.Build.0 = Release|Any CPU
	EndGlobalSection
	GlobalSection(SolutionProperties) = preSolution
		HideSolutionNode = FALSE
	EndGlobalSection
	GlobalSection(ExtensibilityGlobals) = postSolution
		SolutionGuid = {66A9C3D5-8968-41CC-9B19-3C5B9B84652E}
	EndGlobalSection
EndGlobal
